
Microsoft Visual Studio Solution File, Format Version 12.00
# Visual Studio Version 17
VisualStudioVersion = 17.4.33213.308
MinimumVisualStudioVersion = 10.0.40219.1
Project("{9A19103F-16F7-4668-BE54-9A1E7A4F7556}") = "Phongtt_practice", "MaiHuyHoat_Practice\Phongtt_practice.csproj", "{F8C0A55B-9DA7-4DD2-88C8-3F44C45DBA78}"
EndProject
Global
	GlobalSection(SolutionConfigurationPlatforms) = preSolution
		Debug|Any CPU = Debug|Any CPU
		Release|Any CPU = Release|Any CPU
	EndGlobalSection
	GlobalSection(ProjectConfigurationPlatforms) = postSolution
		{F8C0A55B-9DA7-4DD2-88C8-3F44C45DBA78}.Debug|Any CPU.ActiveCfg = Debug|Any CPU
		{F8C0A55B-9DA7-4DD2-88C8-3F44C45DBA78}.Debug|Any CPU.Build.0 = Debug|Any CPU
		{F8C0A55B-9DA7-4DD2-88C8-3F44C45DBA78}.Release|Any CPU.ActiveCfg = Release|Any CPU
		{F8C0A55B-9DA7-4DD2-88C8-3F44C45DBA78}.Release|Any CPU.Build.0 = Release|Any CPU
	EndGlobalSection
	GlobalSection(SolutionProperties) = preSolution
		HideSolutionNode = FALSE
	EndGlobalSection
	GlobalSection(ExtensibilityGlobals) = postSolution
		SolutionGuid = {3BD6A780-FF06-484B-8ABC-225C832E543C}
	EndGlobalSection
EndGlobal
