
Microsoft Visual Studio Solution File, Format Version 12.00
# Visual Studio Version 17
VisualStudioVersion = 17.4.33403.182
MinimumVisualStudioVersion = 10.0.40219.1
Project("{9A19103F-16F7-4668-BE54-9A1E7A4F7556}") = "Practice", "Practice.csproj", "{378B484F-34BE-41CE-BB28-D1A0ABE394E4}"
EndProject
Project("{9A19103F-16F7-4668-BE54-9A1E7A4F7556}") = "Models", "..\Models\Models.csproj", "{46A4F845-4EE1-4CBA-87B3-C7C55B96285D}"
EndProject
Global
	GlobalSection(SolutionConfigurationPlatforms) = preSolution
		Debug|Any CPU = Debug|Any CPU
		Release|Any CPU = Release|Any CPU
	EndGlobalSection
	GlobalSection(ProjectConfigurationPlatforms) = postSolution
		{378B484F-34BE-41CE-BB28-D1A0ABE394E4}.Debug|Any CPU.ActiveCfg = Debug|Any CPU
		{378B484F-34BE-41CE-BB28-D1A0ABE394E4}.Debug|Any CPU.Build.0 = Debug|Any CPU
		{378B484F-34BE-41CE-BB28-D1A0ABE394E4}.Release|Any CPU.ActiveCfg = Release|Any CPU
		{378B484F-34BE-41CE-BB28-D1A0ABE394E4}.Release|Any CPU.Build.0 = Release|Any CPU
		{46A4F845-4EE1-4CBA-87B3-C7C55B96285D}.Debug|Any CPU.ActiveCfg = Debug|Any CPU
		{46A4F845-4EE1-4CBA-87B3-C7C55B96285D}.Debug|Any CPU.Build.0 = Debug|Any CPU
		{46A4F845-4EE1-4CBA-87B3-C7C55B96285D}.Release|Any CPU.ActiveCfg = Release|Any CPU
		{46A4F845-4EE1-4CBA-87B3-C7C55B96285D}.Release|Any CPU.Build.0 = Release|Any CPU
	EndGlobalSection
	GlobalSection(SolutionProperties) = preSolution
		HideSolutionNode = FALSE
	EndGlobalSection
	GlobalSection(ExtensibilityGlobals) = postSolution
		SolutionGuid = {4C6E8F26-770B-4417-82C3-D11C6BBC24D1}
	EndGlobalSection
EndGlobal
