
Microsoft Visual Studio Solution File, Format Version 12.00
# Visual Studio Version 17
VisualStudioVersion = 17.4.33213.308
MinimumVisualStudioVersion = 10.0.40219.1
Project("{FAE04EC0-301F-11D3-BF4B-00C04F79EFBC}") = "Practice2", "Practice2\Practice2.csproj", "{855ED0B4-31C7-4C04-A8AF-5F92040FF11A}"
EndProject
Global
	GlobalSection(SolutionConfigurationPlatforms) = preSolution
		Debug|Any CPU = Debug|Any CPU
		Release|Any CPU = Release|Any CPU
	EndGlobalSection
	GlobalSection(ProjectConfigurationPlatforms) = postSolution
		{855ED0B4-31C7-4C04-A8AF-5F92040FF11A}.Debug|Any CPU.ActiveCfg = Debug|Any CPU
		{855ED0B4-31C7-4C04-A8AF-5F92040FF11A}.Debug|Any CPU.Build.0 = Debug|Any CPU
		{855ED0B4-31C7-4C04-A8AF-5F92040FF11A}.Release|Any CPU.ActiveCfg = Release|Any CPU
		{855ED0B4-31C7-4C04-A8AF-5F92040FF11A}.Release|Any CPU.Build.0 = Release|Any CPU
	EndGlobalSection
	GlobalSection(SolutionProperties) = preSolution
		HideSolutionNode = FALSE
	EndGlobalSection
	GlobalSection(ExtensibilityGlobals) = postSolution
		SolutionGuid = {C3015618-A540-4D94-BD2B-10155DC92B61}
	EndGlobalSection
EndGlobal
